
Microsoft Visual Studio Solution File, Format Version 12.00
# Visual Studio 2012
Project("{FAE04EC0-301F-11D3-BF4B-00C04F79EFBC}") = "T2.2.HandleJScriptDoc", "T2.2.HandleJScriptDoc\T2.2.HandleJScriptDoc.csproj", "{04B888FB-11B6-40F4-A632-039F643F8405}"
EndProject
Project("{2150E333-8FDC-42A3-9474-1A3956D46DE8}") = "Solution Items", "Solution Items", "{459B4317-C41F-416D-99B8-5DF26D88DFC0}"
	ProjectSection(SolutionItems) = preProject
		JSLintOptions.xml = JSLintOptions.xml
	EndProjectSection
EndProject
Global
	GlobalSection(JSLint) = preSolution
		SolutionConfigurationLocation = JSLintOptions.xml
	EndGlobalSection
	GlobalSection(SolutionConfigurationPlatforms) = preSolution
		Debug|Any CPU = Debug|Any CPU
		Release|Any CPU = Release|Any CPU
	EndGlobalSection
	GlobalSection(ProjectConfigurationPlatforms) = postSolution
		{04B888FB-11B6-40F4-A632-039F643F8405}.Debug|Any CPU.ActiveCfg = Debug|Any CPU
		{04B888FB-11B6-40F4-A632-039F643F8405}.Debug|Any CPU.Build.0 = Debug|Any CPU
		{04B888FB-11B6-40F4-A632-039F643F8405}.Release|Any CPU.ActiveCfg = Release|Any CPU
		{04B888FB-11B6-40F4-A632-039F643F8405}.Release|Any CPU.Build.0 = Release|Any CPU
	EndGlobalSection
	GlobalSection(SolutionProperties) = preSolution
		HideSolutionNode = FALSE
	EndGlobalSection
EndGlobal
