
Microsoft Visual Studio Solution File, Format Version 12.00
# Visual Studio 2013
VisualStudioVersion = 12.0.21005.1
MinimumVisualStudioVersion = 10.0.40219.1
Project("{FAE04EC0-301F-11D3-BF4B-00C04F79EFBC}") = "MatrixRotatingWalk", "MatrixRotatingWalk\MatrixRotatingWalk.csproj", "{C69C863A-D485-4394-B234-D9935D05361E}"
EndProject
Project("{FAE04EC0-301F-11D3-BF4B-00C04F79EFBC}") = "MatrixRotatingWalkTest", "MatrixRotatingWalkTest\MatrixRotatingWalkTest.csproj", "{EA5E216E-B2A1-4230-9178-C5176BC6CF3D}"
EndProject
Global
	GlobalSection(SolutionConfigurationPlatforms) = preSolution
		Debug|Any CPU = Debug|Any CPU
		Release|Any CPU = Release|Any CPU
	EndGlobalSection
	GlobalSection(ProjectConfigurationPlatforms) = postSolution
		{C69C863A-D485-4394-B234-D9935D05361E}.Debug|Any CPU.ActiveCfg = Debug|Any CPU
		{C69C863A-D485-4394-B234-D9935D05361E}.Debug|Any CPU.Build.0 = Debug|Any CPU
		{C69C863A-D485-4394-B234-D9935D05361E}.Release|Any CPU.ActiveCfg = Release|Any CPU
		{C69C863A-D485-4394-B234-D9935D05361E}.Release|Any CPU.Build.0 = Release|Any CPU
		{EA5E216E-B2A1-4230-9178-C5176BC6CF3D}.Debug|Any CPU.ActiveCfg = Debug|Any CPU
		{EA5E216E-B2A1-4230-9178-C5176BC6CF3D}.Debug|Any CPU.Build.0 = Debug|Any CPU
		{EA5E216E-B2A1-4230-9178-C5176BC6CF3D}.Release|Any CPU.ActiveCfg = Release|Any CPU
		{EA5E216E-B2A1-4230-9178-C5176BC6CF3D}.Release|Any CPU.Build.0 = Release|Any CPU
	EndGlobalSection
	GlobalSection(SolutionProperties) = preSolution
		HideSolutionNode = FALSE
	EndGlobalSection
EndGlobal
