
Microsoft Visual Studio Solution File, Format Version 12.00
# Visual Studio 2013
VisualStudioVersion = 12.0.21005.1
MinimumVisualStudioVersion = 10.0.40219.1
Project("{FAE04EC0-301F-11D3-BF4B-00C04F79EFBC}") = "Santase.ConsoleUI", "Santase.ConsoleUI\Santase.ConsoleUI.csproj", "{52118B35-E3D5-4D07-AD3C-ECF11C27D80F}"
EndProject
Project("{FAE04EC0-301F-11D3-BF4B-00C04F79EFBC}") = "Santase.Logic", "Santase.Logic\Santase.Logic.csproj", "{F9C7BD4E-F98B-4647-A30A-DD90232253D0}"
EndProject
Project("{FAE04EC0-301F-11D3-BF4B-00C04F79EFBC}") = "Santase.Tests", "Santase.Tests\Santase.Tests.csproj", "{C3E1660E-52A5-458B-90BF-23B782A59CEA}"
EndProject
Project("{2150E333-8FDC-42A3-9474-1A3956D46DE8}") = ".nuget", ".nuget", "{05C628ED-0AC4-475B-B346-6C3BD9276430}"
	ProjectSection(SolutionItems) = preProject
		.nuget\packages.config = .nuget\packages.config
	EndProjectSection
EndProject
Global
	GlobalSection(SolutionConfigurationPlatforms) = preSolution
		Debug|Any CPU = Debug|Any CPU
		Release|Any CPU = Release|Any CPU
	EndGlobalSection
	GlobalSection(ProjectConfigurationPlatforms) = postSolution
		{52118B35-E3D5-4D07-AD3C-ECF11C27D80F}.Debug|Any CPU.ActiveCfg = Debug|Any CPU
		{52118B35-E3D5-4D07-AD3C-ECF11C27D80F}.Debug|Any CPU.Build.0 = Debug|Any CPU
		{52118B35-E3D5-4D07-AD3C-ECF11C27D80F}.Release|Any CPU.ActiveCfg = Release|Any CPU
		{52118B35-E3D5-4D07-AD3C-ECF11C27D80F}.Release|Any CPU.Build.0 = Release|Any CPU
		{F9C7BD4E-F98B-4647-A30A-DD90232253D0}.Debug|Any CPU.ActiveCfg = Debug|Any CPU
		{F9C7BD4E-F98B-4647-A30A-DD90232253D0}.Debug|Any CPU.Build.0 = Debug|Any CPU
		{F9C7BD4E-F98B-4647-A30A-DD90232253D0}.Release|Any CPU.ActiveCfg = Release|Any CPU
		{F9C7BD4E-F98B-4647-A30A-DD90232253D0}.Release|Any CPU.Build.0 = Release|Any CPU
		{C3E1660E-52A5-458B-90BF-23B782A59CEA}.Debug|Any CPU.ActiveCfg = Debug|Any CPU
		{C3E1660E-52A5-458B-90BF-23B782A59CEA}.Debug|Any CPU.Build.0 = Debug|Any CPU
		{C3E1660E-52A5-458B-90BF-23B782A59CEA}.Release|Any CPU.ActiveCfg = Release|Any CPU
		{C3E1660E-52A5-458B-90BF-23B782A59CEA}.Release|Any CPU.Build.0 = Release|Any CPU
	EndGlobalSection
	GlobalSection(SolutionProperties) = preSolution
		HideSolutionNode = FALSE
	EndGlobalSection
EndGlobal
