
Microsoft Visual Studio Solution File, Format Version 12.00
# Visual Studio 2013
VisualStudioVersion = 12.0.21005.1
MinimumVisualStudioVersion = 10.0.40219.1
Project("{FAE04EC0-301F-11D3-BF4B-00C04F79EFBC}") = "RefactoringLoops", "RefactoringLoops\RefactoringLoops.csproj", "{7590275B-FB36-41D8-92C5-6D7E95D3DA73}"
EndProject
Project("{FAE04EC0-301F-11D3-BF4B-00C04F79EFBC}") = "Cooking", "Cooking\Cooking.csproj", "{AC64A6AB-212A-45A4-ADFE-2C4D050FE152}"
EndProject
Project("{FAE04EC0-301F-11D3-BF4B-00C04F79EFBC}") = "IfStatementsRefactoring", "IfStatementsRefactoring\IfStatementsRefactoring.csproj", "{0B9CB440-39FA-47E2-8F55-383A9E7AA40E}"
EndProject
Global
	GlobalSection(SolutionConfigurationPlatforms) = preSolution
		Debug|Any CPU = Debug|Any CPU
		Release|Any CPU = Release|Any CPU
	EndGlobalSection
	GlobalSection(ProjectConfigurationPlatforms) = postSolution
		{7590275B-FB36-41D8-92C5-6D7E95D3DA73}.Debug|Any CPU.ActiveCfg = Debug|Any CPU
		{7590275B-FB36-41D8-92C5-6D7E95D3DA73}.Debug|Any CPU.Build.0 = Debug|Any CPU
		{7590275B-FB36-41D8-92C5-6D7E95D3DA73}.Release|Any CPU.ActiveCfg = Release|Any CPU
		{7590275B-FB36-41D8-92C5-6D7E95D3DA73}.Release|Any CPU.Build.0 = Release|Any CPU
		{AC64A6AB-212A-45A4-ADFE-2C4D050FE152}.Debug|Any CPU.ActiveCfg = Debug|Any CPU
		{AC64A6AB-212A-45A4-ADFE-2C4D050FE152}.Debug|Any CPU.Build.0 = Debug|Any CPU
		{AC64A6AB-212A-45A4-ADFE-2C4D050FE152}.Release|Any CPU.ActiveCfg = Release|Any CPU
		{AC64A6AB-212A-45A4-ADFE-2C4D050FE152}.Release|Any CPU.Build.0 = Release|Any CPU
		{0B9CB440-39FA-47E2-8F55-383A9E7AA40E}.Debug|Any CPU.ActiveCfg = Debug|Any CPU
		{0B9CB440-39FA-47E2-8F55-383A9E7AA40E}.Debug|Any CPU.Build.0 = Debug|Any CPU
		{0B9CB440-39FA-47E2-8F55-383A9E7AA40E}.Release|Any CPU.ActiveCfg = Release|Any CPU
		{0B9CB440-39FA-47E2-8F55-383A9E7AA40E}.Release|Any CPU.Build.0 = Release|Any CPU
	EndGlobalSection
	GlobalSection(SolutionProperties) = preSolution
		HideSolutionNode = FALSE
	EndGlobalSection
EndGlobal
