
Microsoft Visual Studio Solution File, Format Version 12.00
# Visual Studio 2012
Project("{FAE04EC0-301F-11D3-BF4B-00C04F79EFBC}") = "T14.2.ReverseString", "T14.2.ReverseString\T14.2.ReverseString.csproj", "{6DCF6D67-95E1-4E31-9604-DA59A278D507}"
EndProject
Project("{FAE04EC0-301F-11D3-BF4B-00C04F79EFBC}") = "T14.3.CheckBrackets", "T14.3.CheckBrackets\T14.3.CheckBrackets.csproj", "{6FB2E713-E613-4D09-8BE5-0F56F7A214FB}"
EndProject
Project("{FAE04EC0-301F-11D3-BF4B-00C04F79EFBC}") = "T14.4.SubstrCount", "T14.4.SubstrCount\T14.4.SubstrCount.csproj", "{2B6A0089-CC51-4BF8-B093-F40F5B57D7F8}"
EndProject
Project("{FAE04EC0-301F-11D3-BF4B-00C04F79EFBC}") = "T14.1.StringsInCsharp", "T14.1.StringsInCsharp\T14.1.StringsInCsharp.csproj", "{876410C7-5011-488E-8FD0-73D61CCB154C}"
EndProject
Project("{FAE04EC0-301F-11D3-BF4B-00C04F79EFBC}") = "T14.5.TurnUpperCase", "T14.5.TurnUpperCase\T14.5.TurnUpperCase.csproj", "{38CB5717-E82C-4231-B234-D154B5028565}"
EndProject
Project("{FAE04EC0-301F-11D3-BF4B-00C04F79EFBC}") = "T14.6.CompleteString", "T14.6.CompleteString\T14.6.CompleteString.csproj", "{32B5432B-13E0-4B00-A704-CA57D70B00EE}"
EndProject
Project("{FAE04EC0-301F-11D3-BF4B-00C04F79EFBC}") = "T14.7.EncryptString", "T14.7.EncryptString\T14.7.EncryptString.csproj", "{40D89D53-7028-49D9-894C-0847B5ED39E7}"
EndProject
Project("{FAE04EC0-301F-11D3-BF4B-00C04F79EFBC}") = "T14.8.GivenWordSentences", "T14.8.GivenWordSentences\T14.8.GivenWordSentences.csproj", "{1F78E6D4-E3B8-4EB3-93FB-D572BFB43917}"
EndProject
Project("{FAE04EC0-301F-11D3-BF4B-00C04F79EFBC}") = "T14.9.ReplaceBannedWords", "T14.9.ReplaceBannedWords\T14.9.ReplaceBannedWords.csproj", "{4A97AE45-1CC1-40A5-9AD7-97AFE10EFAF7}"
EndProject
Project("{FAE04EC0-301F-11D3-BF4B-00C04F79EFBC}") = "T14.10.ConvertToUTF", "T14.10.ConvertToUTF\T14.10.ConvertToUTF.csproj", "{208FA311-3A8E-4068-B1C6-730A0E2DFF62}"
EndProject
Project("{FAE04EC0-301F-11D3-BF4B-00C04F79EFBC}") = "T14.11.PrintInDifferentFotmats", "T14.11.PrintInDifferentFotmats\T14.11.PrintInDifferentFotmats.csproj", "{F215B71B-1320-458F-889E-96F986BB57AA}"
EndProject
Project("{FAE04EC0-301F-11D3-BF4B-00C04F79EFBC}") = "T14.12.ParseURL", "T14.12.ParseURL\T14.12.ParseURL.csproj", "{E7B9AE5A-D828-4AD2-B017-9EC47D029AEF}"
EndProject
Project("{FAE04EC0-301F-11D3-BF4B-00C04F79EFBC}") = "T14.13.ReverseSentence", "T14.13.ReverseSentence\T14.13.ReverseSentence.csproj", "{58861521-EE4E-4CAD-86B0-8ECDB02DF4B6}"
EndProject
Project("{FAE04EC0-301F-11D3-BF4B-00C04F79EFBC}") = "T14.14.Dictionary", "T14.14.Dictionary\T14.14.Dictionary.csproj", "{D83A44F8-FD41-40C7-8F29-DB199850BE67}"
EndProject
Project("{FAE04EC0-301F-11D3-BF4B-00C04F79EFBC}") = "T14.15.AnchorToURL", "T14.15.AnchorToURL\T14.15.AnchorToURL.csproj", "{33945CB7-9E80-4D1F-8539-E007BE6F8B92}"
EndProject
Project("{FAE04EC0-301F-11D3-BF4B-00C04F79EFBC}") = "T14.16.DaysDifference", "T14.16.DaysDifference\T14.16.DaysDifference.csproj", "{ED108651-0532-4F4F-8486-404C0A0EC726}"
EndProject
Project("{FAE04EC0-301F-11D3-BF4B-00C04F79EFBC}") = "T14.17.PrintDateBG", "T14.17.PrintDateBG\T14.17.PrintDateBG.csproj", "{4FF76BAB-4196-4F21-9D62-4CC4DF6D4E2C}"
EndProject
Project("{FAE04EC0-301F-11D3-BF4B-00C04F79EFBC}") = "T14.18.ExtractEmailAddresses", "T14.18.ExtractEmailAddresses\T14.18.ExtractEmailAddresses.csproj", "{05CCB125-6AF2-4A80-8233-2EF7E6CA77C6}"
EndProject
Project("{FAE04EC0-301F-11D3-BF4B-00C04F79EFBC}") = "T14.19.ExtractDisplayDates", "T14.19.ExtractDisplayDates\T14.19.ExtractDisplayDates.csproj", "{B6D81433-C042-4B41-9584-28B96BB85347}"
EndProject
Project("{FAE04EC0-301F-11D3-BF4B-00C04F79EFBC}") = "T14.20.ExtractPalindroms", "T14.20.ExtractPalindroms\T14.20.ExtractPalindroms.csproj", "{E91E39DC-157D-447B-9DA7-C929054262BA}"
EndProject
Project("{FAE04EC0-301F-11D3-BF4B-00C04F79EFBC}") = "T14.21.CountLetters", "T14.21.CountLetters\T14.21.CountLetters.csproj", "{36960259-6572-41D4-9870-5143690D6661}"
EndProject
Project("{FAE04EC0-301F-11D3-BF4B-00C04F79EFBC}") = "T14.22.WordsCountInString", "T14.22.WordsCountInString\T14.22.WordsCountInString.csproj", "{DFC09F7C-B367-457C-813D-0DC0EC6CC603}"
EndProject
Project("{FAE04EC0-301F-11D3-BF4B-00C04F79EFBC}") = "T14.23.ReduceConsecutiveLetters", "T14.23.ReduceConsecutiveLetters\T14.23.ReduceConsecutiveLetters.csproj", "{1E980AA8-0C91-4586-B29C-221EFB9D4BDE}"
EndProject
Project("{FAE04EC0-301F-11D3-BF4B-00C04F79EFBC}") = "T14.24.PrintWordsAlphabetically", "T14.24.PrintWordsAlphabetically\T14.24.PrintWordsAlphabetically.csproj", "{790177E5-4114-47EC-8533-856A3736B5AE}"
EndProject
Project("{FAE04EC0-301F-11D3-BF4B-00C04F79EFBC}") = "T14.25.ExtractHTMLtext", "T14.25.ExtractHTMLtext\T14.25.ExtractHTMLtext.csproj", "{D3BE14CC-CE3D-47A8-BD8C-B3F4A3FA509D}"
EndProject
Global
	GlobalSection(SolutionConfigurationPlatforms) = preSolution
		Debug|Any CPU = Debug|Any CPU
		Release|Any CPU = Release|Any CPU
	EndGlobalSection
	GlobalSection(ProjectConfigurationPlatforms) = postSolution
		{6DCF6D67-95E1-4E31-9604-DA59A278D507}.Debug|Any CPU.ActiveCfg = Debug|Any CPU
		{6DCF6D67-95E1-4E31-9604-DA59A278D507}.Debug|Any CPU.Build.0 = Debug|Any CPU
		{6DCF6D67-95E1-4E31-9604-DA59A278D507}.Release|Any CPU.ActiveCfg = Release|Any CPU
		{6DCF6D67-95E1-4E31-9604-DA59A278D507}.Release|Any CPU.Build.0 = Release|Any CPU
		{6FB2E713-E613-4D09-8BE5-0F56F7A214FB}.Debug|Any CPU.ActiveCfg = Debug|Any CPU
		{6FB2E713-E613-4D09-8BE5-0F56F7A214FB}.Debug|Any CPU.Build.0 = Debug|Any CPU
		{6FB2E713-E613-4D09-8BE5-0F56F7A214FB}.Release|Any CPU.ActiveCfg = Release|Any CPU
		{6FB2E713-E613-4D09-8BE5-0F56F7A214FB}.Release|Any CPU.Build.0 = Release|Any CPU
		{2B6A0089-CC51-4BF8-B093-F40F5B57D7F8}.Debug|Any CPU.ActiveCfg = Debug|Any CPU
		{2B6A0089-CC51-4BF8-B093-F40F5B57D7F8}.Debug|Any CPU.Build.0 = Debug|Any CPU
		{2B6A0089-CC51-4BF8-B093-F40F5B57D7F8}.Release|Any CPU.ActiveCfg = Release|Any CPU
		{2B6A0089-CC51-4BF8-B093-F40F5B57D7F8}.Release|Any CPU.Build.0 = Release|Any CPU
		{876410C7-5011-488E-8FD0-73D61CCB154C}.Debug|Any CPU.ActiveCfg = Debug|Any CPU
		{876410C7-5011-488E-8FD0-73D61CCB154C}.Debug|Any CPU.Build.0 = Debug|Any CPU
		{876410C7-5011-488E-8FD0-73D61CCB154C}.Release|Any CPU.ActiveCfg = Release|Any CPU
		{876410C7-5011-488E-8FD0-73D61CCB154C}.Release|Any CPU.Build.0 = Release|Any CPU
		{38CB5717-E82C-4231-B234-D154B5028565}.Debug|Any CPU.ActiveCfg = Debug|Any CPU
		{38CB5717-E82C-4231-B234-D154B5028565}.Debug|Any CPU.Build.0 = Debug|Any CPU
		{38CB5717-E82C-4231-B234-D154B5028565}.Release|Any CPU.ActiveCfg = Release|Any CPU
		{38CB5717-E82C-4231-B234-D154B5028565}.Release|Any CPU.Build.0 = Release|Any CPU
		{32B5432B-13E0-4B00-A704-CA57D70B00EE}.Debug|Any CPU.ActiveCfg = Debug|Any CPU
		{32B5432B-13E0-4B00-A704-CA57D70B00EE}.Debug|Any CPU.Build.0 = Debug|Any CPU
		{32B5432B-13E0-4B00-A704-CA57D70B00EE}.Release|Any CPU.ActiveCfg = Release|Any CPU
		{32B5432B-13E0-4B00-A704-CA57D70B00EE}.Release|Any CPU.Build.0 = Release|Any CPU
		{40D89D53-7028-49D9-894C-0847B5ED39E7}.Debug|Any CPU.ActiveCfg = Debug|Any CPU
		{40D89D53-7028-49D9-894C-0847B5ED39E7}.Debug|Any CPU.Build.0 = Debug|Any CPU
		{40D89D53-7028-49D9-894C-0847B5ED39E7}.Release|Any CPU.ActiveCfg = Release|Any CPU
		{40D89D53-7028-49D9-894C-0847B5ED39E7}.Release|Any CPU.Build.0 = Release|Any CPU
		{1F78E6D4-E3B8-4EB3-93FB-D572BFB43917}.Debug|Any CPU.ActiveCfg = Debug|Any CPU
		{1F78E6D4-E3B8-4EB3-93FB-D572BFB43917}.Debug|Any CPU.Build.0 = Debug|Any CPU
		{1F78E6D4-E3B8-4EB3-93FB-D572BFB43917}.Release|Any CPU.ActiveCfg = Release|Any CPU
		{1F78E6D4-E3B8-4EB3-93FB-D572BFB43917}.Release|Any CPU.Build.0 = Release|Any CPU
		{4A97AE45-1CC1-40A5-9AD7-97AFE10EFAF7}.Debug|Any CPU.ActiveCfg = Debug|Any CPU
		{4A97AE45-1CC1-40A5-9AD7-97AFE10EFAF7}.Debug|Any CPU.Build.0 = Debug|Any CPU
		{4A97AE45-1CC1-40A5-9AD7-97AFE10EFAF7}.Release|Any CPU.ActiveCfg = Release|Any CPU
		{4A97AE45-1CC1-40A5-9AD7-97AFE10EFAF7}.Release|Any CPU.Build.0 = Release|Any CPU
		{208FA311-3A8E-4068-B1C6-730A0E2DFF62}.Debug|Any CPU.ActiveCfg = Debug|Any CPU
		{208FA311-3A8E-4068-B1C6-730A0E2DFF62}.Debug|Any CPU.Build.0 = Debug|Any CPU
		{208FA311-3A8E-4068-B1C6-730A0E2DFF62}.Release|Any CPU.ActiveCfg = Release|Any CPU
		{208FA311-3A8E-4068-B1C6-730A0E2DFF62}.Release|Any CPU.Build.0 = Release|Any CPU
		{F215B71B-1320-458F-889E-96F986BB57AA}.Debug|Any CPU.ActiveCfg = Debug|Any CPU
		{F215B71B-1320-458F-889E-96F986BB57AA}.Debug|Any CPU.Build.0 = Debug|Any CPU
		{F215B71B-1320-458F-889E-96F986BB57AA}.Release|Any CPU.ActiveCfg = Release|Any CPU
		{F215B71B-1320-458F-889E-96F986BB57AA}.Release|Any CPU.Build.0 = Release|Any CPU
		{E7B9AE5A-D828-4AD2-B017-9EC47D029AEF}.Debug|Any CPU.ActiveCfg = Debug|Any CPU
		{E7B9AE5A-D828-4AD2-B017-9EC47D029AEF}.Debug|Any CPU.Build.0 = Debug|Any CPU
		{E7B9AE5A-D828-4AD2-B017-9EC47D029AEF}.Release|Any CPU.ActiveCfg = Release|Any CPU
		{E7B9AE5A-D828-4AD2-B017-9EC47D029AEF}.Release|Any CPU.Build.0 = Release|Any CPU
		{58861521-EE4E-4CAD-86B0-8ECDB02DF4B6}.Debug|Any CPU.ActiveCfg = Debug|Any CPU
		{58861521-EE4E-4CAD-86B0-8ECDB02DF4B6}.Debug|Any CPU.Build.0 = Debug|Any CPU
		{58861521-EE4E-4CAD-86B0-8ECDB02DF4B6}.Release|Any CPU.ActiveCfg = Release|Any CPU
		{58861521-EE4E-4CAD-86B0-8ECDB02DF4B6}.Release|Any CPU.Build.0 = Release|Any CPU
		{D83A44F8-FD41-40C7-8F29-DB199850BE67}.Debug|Any CPU.ActiveCfg = Debug|Any CPU
		{D83A44F8-FD41-40C7-8F29-DB199850BE67}.Debug|Any CPU.Build.0 = Debug|Any CPU
		{D83A44F8-FD41-40C7-8F29-DB199850BE67}.Release|Any CPU.ActiveCfg = Release|Any CPU
		{D83A44F8-FD41-40C7-8F29-DB199850BE67}.Release|Any CPU.Build.0 = Release|Any CPU
		{33945CB7-9E80-4D1F-8539-E007BE6F8B92}.Debug|Any CPU.ActiveCfg = Debug|Any CPU
		{33945CB7-9E80-4D1F-8539-E007BE6F8B92}.Debug|Any CPU.Build.0 = Debug|Any CPU
		{33945CB7-9E80-4D1F-8539-E007BE6F8B92}.Release|Any CPU.ActiveCfg = Release|Any CPU
		{33945CB7-9E80-4D1F-8539-E007BE6F8B92}.Release|Any CPU.Build.0 = Release|Any CPU
		{ED108651-0532-4F4F-8486-404C0A0EC726}.Debug|Any CPU.ActiveCfg = Debug|Any CPU
		{ED108651-0532-4F4F-8486-404C0A0EC726}.Debug|Any CPU.Build.0 = Debug|Any CPU
		{ED108651-0532-4F4F-8486-404C0A0EC726}.Release|Any CPU.ActiveCfg = Release|Any CPU
		{ED108651-0532-4F4F-8486-404C0A0EC726}.Release|Any CPU.Build.0 = Release|Any CPU
		{4FF76BAB-4196-4F21-9D62-4CC4DF6D4E2C}.Debug|Any CPU.ActiveCfg = Debug|Any CPU
		{4FF76BAB-4196-4F21-9D62-4CC4DF6D4E2C}.Debug|Any CPU.Build.0 = Debug|Any CPU
		{4FF76BAB-4196-4F21-9D62-4CC4DF6D4E2C}.Release|Any CPU.ActiveCfg = Release|Any CPU
		{4FF76BAB-4196-4F21-9D62-4CC4DF6D4E2C}.Release|Any CPU.Build.0 = Release|Any CPU
		{05CCB125-6AF2-4A80-8233-2EF7E6CA77C6}.Debug|Any CPU.ActiveCfg = Debug|Any CPU
		{05CCB125-6AF2-4A80-8233-2EF7E6CA77C6}.Debug|Any CPU.Build.0 = Debug|Any CPU
		{05CCB125-6AF2-4A80-8233-2EF7E6CA77C6}.Release|Any CPU.ActiveCfg = Release|Any CPU
		{05CCB125-6AF2-4A80-8233-2EF7E6CA77C6}.Release|Any CPU.Build.0 = Release|Any CPU
		{B6D81433-C042-4B41-9584-28B96BB85347}.Debug|Any CPU.ActiveCfg = Debug|Any CPU
		{B6D81433-C042-4B41-9584-28B96BB85347}.Debug|Any CPU.Build.0 = Debug|Any CPU
		{B6D81433-C042-4B41-9584-28B96BB85347}.Release|Any CPU.ActiveCfg = Release|Any CPU
		{B6D81433-C042-4B41-9584-28B96BB85347}.Release|Any CPU.Build.0 = Release|Any CPU
		{E91E39DC-157D-447B-9DA7-C929054262BA}.Debug|Any CPU.ActiveCfg = Debug|Any CPU
		{E91E39DC-157D-447B-9DA7-C929054262BA}.Debug|Any CPU.Build.0 = Debug|Any CPU
		{E91E39DC-157D-447B-9DA7-C929054262BA}.Release|Any CPU.ActiveCfg = Release|Any CPU
		{E91E39DC-157D-447B-9DA7-C929054262BA}.Release|Any CPU.Build.0 = Release|Any CPU
		{36960259-6572-41D4-9870-5143690D6661}.Debug|Any CPU.ActiveCfg = Debug|Any CPU
		{36960259-6572-41D4-9870-5143690D6661}.Debug|Any CPU.Build.0 = Debug|Any CPU
		{36960259-6572-41D4-9870-5143690D6661}.Release|Any CPU.ActiveCfg = Release|Any CPU
		{36960259-6572-41D4-9870-5143690D6661}.Release|Any CPU.Build.0 = Release|Any CPU
		{DFC09F7C-B367-457C-813D-0DC0EC6CC603}.Debug|Any CPU.ActiveCfg = Debug|Any CPU
		{DFC09F7C-B367-457C-813D-0DC0EC6CC603}.Debug|Any CPU.Build.0 = Debug|Any CPU
		{DFC09F7C-B367-457C-813D-0DC0EC6CC603}.Release|Any CPU.ActiveCfg = Release|Any CPU
		{DFC09F7C-B367-457C-813D-0DC0EC6CC603}.Release|Any CPU.Build.0 = Release|Any CPU
		{1E980AA8-0C91-4586-B29C-221EFB9D4BDE}.Debug|Any CPU.ActiveCfg = Debug|Any CPU
		{1E980AA8-0C91-4586-B29C-221EFB9D4BDE}.Debug|Any CPU.Build.0 = Debug|Any CPU
		{1E980AA8-0C91-4586-B29C-221EFB9D4BDE}.Release|Any CPU.ActiveCfg = Release|Any CPU
		{1E980AA8-0C91-4586-B29C-221EFB9D4BDE}.Release|Any CPU.Build.0 = Release|Any CPU
		{790177E5-4114-47EC-8533-856A3736B5AE}.Debug|Any CPU.ActiveCfg = Debug|Any CPU
		{790177E5-4114-47EC-8533-856A3736B5AE}.Debug|Any CPU.Build.0 = Debug|Any CPU
		{790177E5-4114-47EC-8533-856A3736B5AE}.Release|Any CPU.ActiveCfg = Release|Any CPU
		{790177E5-4114-47EC-8533-856A3736B5AE}.Release|Any CPU.Build.0 = Release|Any CPU
		{D3BE14CC-CE3D-47A8-BD8C-B3F4A3FA509D}.Debug|Any CPU.ActiveCfg = Debug|Any CPU
		{D3BE14CC-CE3D-47A8-BD8C-B3F4A3FA509D}.Debug|Any CPU.Build.0 = Debug|Any CPU
		{D3BE14CC-CE3D-47A8-BD8C-B3F4A3FA509D}.Release|Any CPU.ActiveCfg = Release|Any CPU
		{D3BE14CC-CE3D-47A8-BD8C-B3F4A3FA509D}.Release|Any CPU.Build.0 = Release|Any CPU
	EndGlobalSection
	GlobalSection(SolutionProperties) = preSolution
		HideSolutionNode = FALSE
	EndGlobalSection
EndGlobal
