
Microsoft Visual Studio Solution File, Format Version 12.00
# Visual Studio 2012
Project("{FAE04EC0-301F-11D3-BF4B-00C04F79EFBC}") = "T1.NestedLoops", "T1.NestedLoops\T1.NestedLoops.csproj", "{5C0640D4-F32E-4B57-A1DD-59E3C850A81D}"
EndProject
Project("{FAE04EC0-301F-11D3-BF4B-00C04F79EFBC}") = "T2.CombinationsWithDuplicates", "T2.CombinationsWithDublicates\T2.CombinationsWithDuplicates.csproj", "{6305F62B-67B3-47E6-B311-1D5C0607B717}"
EndProject
Project("{FAE04EC0-301F-11D3-BF4B-00C04F79EFBC}") = "T3.CombinationsNoDuplicates", "T3.CombinationsNoDuplicates\T3.CombinationsNoDuplicates.csproj", "{A982EEBA-428E-4A73-A497-AFE58E32D0F4}"
EndProject
Project("{FAE04EC0-301F-11D3-BF4B-00C04F79EFBC}") = "T4.PrintPermutations", "T4.PrintPermutations\T4.PrintPermutations.csproj", "{58E26EB3-FA70-4584-A229-BF70C740C10E}"
EndProject
Project("{FAE04EC0-301F-11D3-BF4B-00C04F79EFBC}") = "T5.VariationsKofN", "T5.VariationsKofN\T5.VariationsKofN.csproj", "{04B0A2FC-73EF-47E4-A7A9-8F7F32051757}"
EndProject
Project("{FAE04EC0-301F-11D3-BF4B-00C04F79EFBC}") = "T6.AllSubsetsKstrings", "T6.AllSubsetsKstrings\T6.AllSubsetsKstrings.csproj", "{774AEE7F-F1B3-4149-B91A-D7DE4EADCD2F}"
EndProject
Global
	GlobalSection(SolutionConfigurationPlatforms) = preSolution
		Debug|Any CPU = Debug|Any CPU
		Release|Any CPU = Release|Any CPU
	EndGlobalSection
	GlobalSection(ProjectConfigurationPlatforms) = postSolution
		{5C0640D4-F32E-4B57-A1DD-59E3C850A81D}.Debug|Any CPU.ActiveCfg = Debug|Any CPU
		{5C0640D4-F32E-4B57-A1DD-59E3C850A81D}.Debug|Any CPU.Build.0 = Debug|Any CPU
		{5C0640D4-F32E-4B57-A1DD-59E3C850A81D}.Release|Any CPU.ActiveCfg = Release|Any CPU
		{5C0640D4-F32E-4B57-A1DD-59E3C850A81D}.Release|Any CPU.Build.0 = Release|Any CPU
		{6305F62B-67B3-47E6-B311-1D5C0607B717}.Debug|Any CPU.ActiveCfg = Debug|Any CPU
		{6305F62B-67B3-47E6-B311-1D5C0607B717}.Debug|Any CPU.Build.0 = Debug|Any CPU
		{6305F62B-67B3-47E6-B311-1D5C0607B717}.Release|Any CPU.ActiveCfg = Release|Any CPU
		{6305F62B-67B3-47E6-B311-1D5C0607B717}.Release|Any CPU.Build.0 = Release|Any CPU
		{A982EEBA-428E-4A73-A497-AFE58E32D0F4}.Debug|Any CPU.ActiveCfg = Debug|Any CPU
		{A982EEBA-428E-4A73-A497-AFE58E32D0F4}.Debug|Any CPU.Build.0 = Debug|Any CPU
		{A982EEBA-428E-4A73-A497-AFE58E32D0F4}.Release|Any CPU.ActiveCfg = Release|Any CPU
		{A982EEBA-428E-4A73-A497-AFE58E32D0F4}.Release|Any CPU.Build.0 = Release|Any CPU
		{58E26EB3-FA70-4584-A229-BF70C740C10E}.Debug|Any CPU.ActiveCfg = Debug|Any CPU
		{58E26EB3-FA70-4584-A229-BF70C740C10E}.Debug|Any CPU.Build.0 = Debug|Any CPU
		{58E26EB3-FA70-4584-A229-BF70C740C10E}.Release|Any CPU.ActiveCfg = Release|Any CPU
		{58E26EB3-FA70-4584-A229-BF70C740C10E}.Release|Any CPU.Build.0 = Release|Any CPU
		{04B0A2FC-73EF-47E4-A7A9-8F7F32051757}.Debug|Any CPU.ActiveCfg = Debug|Any CPU
		{04B0A2FC-73EF-47E4-A7A9-8F7F32051757}.Debug|Any CPU.Build.0 = Debug|Any CPU
		{04B0A2FC-73EF-47E4-A7A9-8F7F32051757}.Release|Any CPU.ActiveCfg = Release|Any CPU
		{04B0A2FC-73EF-47E4-A7A9-8F7F32051757}.Release|Any CPU.Build.0 = Release|Any CPU
		{774AEE7F-F1B3-4149-B91A-D7DE4EADCD2F}.Debug|Any CPU.ActiveCfg = Debug|Any CPU
		{774AEE7F-F1B3-4149-B91A-D7DE4EADCD2F}.Debug|Any CPU.Build.0 = Debug|Any CPU
		{774AEE7F-F1B3-4149-B91A-D7DE4EADCD2F}.Release|Any CPU.ActiveCfg = Release|Any CPU
		{774AEE7F-F1B3-4149-B91A-D7DE4EADCD2F}.Release|Any CPU.Build.0 = Release|Any CPU
	EndGlobalSection
	GlobalSection(SolutionProperties) = preSolution
		HideSolutionNode = FALSE
	EndGlobalSection
EndGlobal
