
Microsoft Visual Studio Solution File, Format Version 12.00
# Visual Studio 2012
Project("{FAE04EC0-301F-11D3-BF4B-00C04F79EFBC}") = "T1.KnapSack", "T1.KnapSack\T1.KnapSack.csproj", "{FE626282-1483-4421-889E-665216AAC8B1}"
EndProject
Project("{FAE04EC0-301F-11D3-BF4B-00C04F79EFBC}") = "T2.MinEditDistance", "T2.MinEditDistance\T2.MinEditDistance.csproj", "{513D402A-E107-4B77-AC2D-2BB1619A8908}"
EndProject
Global
	GlobalSection(SolutionConfigurationPlatforms) = preSolution
		Debug|Any CPU = Debug|Any CPU
		Release|Any CPU = Release|Any CPU
	EndGlobalSection
	GlobalSection(ProjectConfigurationPlatforms) = postSolution
		{FE626282-1483-4421-889E-665216AAC8B1}.Debug|Any CPU.ActiveCfg = Debug|Any CPU
		{FE626282-1483-4421-889E-665216AAC8B1}.Debug|Any CPU.Build.0 = Debug|Any CPU
		{FE626282-1483-4421-889E-665216AAC8B1}.Release|Any CPU.ActiveCfg = Release|Any CPU
		{FE626282-1483-4421-889E-665216AAC8B1}.Release|Any CPU.Build.0 = Release|Any CPU
		{513D402A-E107-4B77-AC2D-2BB1619A8908}.Debug|Any CPU.ActiveCfg = Debug|Any CPU
		{513D402A-E107-4B77-AC2D-2BB1619A8908}.Debug|Any CPU.Build.0 = Debug|Any CPU
		{513D402A-E107-4B77-AC2D-2BB1619A8908}.Release|Any CPU.ActiveCfg = Release|Any CPU
		{513D402A-E107-4B77-AC2D-2BB1619A8908}.Release|Any CPU.Build.0 = Release|Any CPU
	EndGlobalSection
	GlobalSection(SolutionProperties) = preSolution
		HideSolutionNode = FALSE
	EndGlobalSection
EndGlobal
