
Microsoft Visual Studio Solution File, Format Version 12.00
# Visual Studio 2013
VisualStudioVersion = 12.0.21005.1
MinimumVisualStudioVersion = 10.0.40219.1
Project("{FAE04EC0-301F-11D3-BF4B-00C04F79EFBC}") = "MatrixRotatingWalk", "MatrixRotatingWalk\MatrixRotatingWalk.csproj", "{8B417A64-2243-41A6-B436-093CABE129FF}"
EndProject
Project("{FAE04EC0-301F-11D3-BF4B-00C04F79EFBC}") = "MatrixRotatingWalkTest", "MatrixRotatingWalkTest\MatrixRotatingWalkTest.csproj", "{F4364FA9-23A3-434D-8682-E75B1AB9A5CC}"
EndProject
Global
	GlobalSection(SolutionConfigurationPlatforms) = preSolution
		Debug|Any CPU = Debug|Any CPU
		Release|Any CPU = Release|Any CPU
	EndGlobalSection
	GlobalSection(ProjectConfigurationPlatforms) = postSolution
		{8B417A64-2243-41A6-B436-093CABE129FF}.Debug|Any CPU.ActiveCfg = Debug|Any CPU
		{8B417A64-2243-41A6-B436-093CABE129FF}.Debug|Any CPU.Build.0 = Debug|Any CPU
		{8B417A64-2243-41A6-B436-093CABE129FF}.Release|Any CPU.ActiveCfg = Release|Any CPU
		{8B417A64-2243-41A6-B436-093CABE129FF}.Release|Any CPU.Build.0 = Release|Any CPU
		{F4364FA9-23A3-434D-8682-E75B1AB9A5CC}.Debug|Any CPU.ActiveCfg = Debug|Any CPU
		{F4364FA9-23A3-434D-8682-E75B1AB9A5CC}.Debug|Any CPU.Build.0 = Debug|Any CPU
		{F4364FA9-23A3-434D-8682-E75B1AB9A5CC}.Release|Any CPU.ActiveCfg = Release|Any CPU
		{F4364FA9-23A3-434D-8682-E75B1AB9A5CC}.Release|Any CPU.Build.0 = Release|Any CPU
	EndGlobalSection
	GlobalSection(SolutionProperties) = preSolution
		HideSolutionNode = FALSE
	EndGlobalSection
EndGlobal
